
Microsoft Visual Studio Solution File, Format Version 12.00
# Visual Studio Version 16
VisualStudioVersion = 16.0.30320.27
MinimumVisualStudioVersion = 10.0.40219.1
Project("{6EC3EE1D-3C4E-46DD-8F32-0CC8E7565705}") = "basket-service", "basket-service\basket-service.fsproj", "{C2D8D702-DBB7-4AF3-881D-959A5B4DA663}"
EndProject
Project("{6EC3EE1D-3C4E-46DD-8F32-0CC8E7565705}") = "catalog-service", "catalog-service\catalog-service.fsproj", "{EB8F5DB6-FFF1-45AF-9BE6-2FDE7D5BE0E8}"
EndProject
Project("{6EC3EE1D-3C4E-46DD-8F32-0CC8E7565705}") = "identity-service", "identity-service\identity-service.fsproj", "{525A3A2F-DF0F-443C-9532-31AE83FDE616}"
EndProject
Project("{6EC3EE1D-3C4E-46DD-8F32-0CC8E7565705}") = "location-service", "location-service\location-service.fsproj", "{69C2805D-A05D-406C-8905-A7FE20318E77}"
EndProject
Project("{6EC3EE1D-3C4E-46DD-8F32-0CC8E7565705}") = "marketing-service", "marketing-service\marketing-service.fsproj", "{5FD4D88C-2A20-4241-B775-CAFB73CEDC90}"
EndProject
Project("{6EC3EE1D-3C4E-46DD-8F32-0CC8E7565705}") = "ordering-service", "ordering-service\ordering-service.fsproj", "{35D94269-E56A-4729-B0E2-13D240C67265}"
EndProject
Project("{6EC3EE1D-3C4E-46DD-8F32-0CC8E7565705}") = "catalog-listener", "catalog-service\catalog-listener\catalog-listener.fsproj", "{B63A5259-C359-4C38-A448-AC5217CAE559}"
EndProject
Project("{2150E333-8FDC-42A3-9474-1A3956D46DE8}") = "Basket", "Basket", "{8F94D11E-046B-4948-B395-8F4BD9C73792}"
EndProject
Project("{2150E333-8FDC-42A3-9474-1A3956D46DE8}") = "Catalog", "Catalog", "{B3DE9C10-B176-4DA0-B682-EC437A93D143}"
EndProject
Project("{2150E333-8FDC-42A3-9474-1A3956D46DE8}") = "Identity", "Identity", "{0BD7BD75-32B2-47ED-9915-531A302756E2}"
EndProject
Project("{2150E333-8FDC-42A3-9474-1A3956D46DE8}") = "Location", "Location", "{F67CE2CB-8592-4435-B807-504D8B62BD2A}"
EndProject
Project("{2150E333-8FDC-42A3-9474-1A3956D46DE8}") = "Marketing", "Marketing", "{578F34D7-74FC-490C-BDA9-D4880A0ABE37}"
EndProject
Project("{2150E333-8FDC-42A3-9474-1A3956D46DE8}") = "Ordering", "Ordering", "{D98CFBD6-110F-4CA9-B359-0C78EC48B673}"
EndProject
Project("{F2A71F9B-5D33-465A-A702-920D77279786}") = "basket-listener", "basket\basket-listener\basket-listener.fsproj", "{584887DD-94AB-46E0-B581-5D42BAB1A545}"
EndProject
Project("{F2A71F9B-5D33-465A-A702-920D77279786}") = "identity-listener", "identity\identity-listener\identity-listener.fsproj", "{549721BC-D918-4312-A09E-CEE88BEEE5A4}"
EndProject
Project("{F2A71F9B-5D33-465A-A702-920D77279786}") = "location-listener", "location\location-listener\location-listener.fsproj", "{EA1DF635-2E89-4858-81A4-7850C6276855}"
EndProject
Project("{F2A71F9B-5D33-465A-A702-920D77279786}") = "marketing-listener", "marketing\marketing-listener\marketing-listener.fsproj", "{18C05627-2CEC-4500-8E5A-F482EA00FC05}"
EndProject
Project("{F2A71F9B-5D33-465A-A702-920D77279786}") = "ordering-listener", "ordering\ordering-listener\ordering-listener.fsproj", "{544452CB-E599-4FD5-800B-2D5DC87B50D1}"
EndProject
Global
	GlobalSection(SolutionConfigurationPlatforms) = preSolution
		Debug|Any CPU = Debug|Any CPU
		Release|Any CPU = Release|Any CPU
	EndGlobalSection
	GlobalSection(ProjectConfigurationPlatforms) = postSolution
		{C2D8D702-DBB7-4AF3-881D-959A5B4DA663}.Debug|Any CPU.ActiveCfg = Debug|Any CPU
		{C2D8D702-DBB7-4AF3-881D-959A5B4DA663}.Debug|Any CPU.Build.0 = Debug|Any CPU
		{C2D8D702-DBB7-4AF3-881D-959A5B4DA663}.Release|Any CPU.ActiveCfg = Release|Any CPU
		{C2D8D702-DBB7-4AF3-881D-959A5B4DA663}.Release|Any CPU.Build.0 = Release|Any CPU
		{EB8F5DB6-FFF1-45AF-9BE6-2FDE7D5BE0E8}.Debug|Any CPU.ActiveCfg = Debug|Any CPU
		{EB8F5DB6-FFF1-45AF-9BE6-2FDE7D5BE0E8}.Debug|Any CPU.Build.0 = Debug|Any CPU
		{EB8F5DB6-FFF1-45AF-9BE6-2FDE7D5BE0E8}.Release|Any CPU.ActiveCfg = Release|Any CPU
		{EB8F5DB6-FFF1-45AF-9BE6-2FDE7D5BE0E8}.Release|Any CPU.Build.0 = Release|Any CPU
		{525A3A2F-DF0F-443C-9532-31AE83FDE616}.Debug|Any CPU.ActiveCfg = Debug|Any CPU
		{525A3A2F-DF0F-443C-9532-31AE83FDE616}.Debug|Any CPU.Build.0 = Debug|Any CPU
		{525A3A2F-DF0F-443C-9532-31AE83FDE616}.Release|Any CPU.ActiveCfg = Release|Any CPU
		{525A3A2F-DF0F-443C-9532-31AE83FDE616}.Release|Any CPU.Build.0 = Release|Any CPU
		{69C2805D-A05D-406C-8905-A7FE20318E77}.Debug|Any CPU.ActiveCfg = Debug|Any CPU
		{69C2805D-A05D-406C-8905-A7FE20318E77}.Debug|Any CPU.Build.0 = Debug|Any CPU
		{69C2805D-A05D-406C-8905-A7FE20318E77}.Release|Any CPU.ActiveCfg = Release|Any CPU
		{69C2805D-A05D-406C-8905-A7FE20318E77}.Release|Any CPU.Build.0 = Release|Any CPU
		{5FD4D88C-2A20-4241-B775-CAFB73CEDC90}.Debug|Any CPU.ActiveCfg = Debug|Any CPU
		{5FD4D88C-2A20-4241-B775-CAFB73CEDC90}.Debug|Any CPU.Build.0 = Debug|Any CPU
		{5FD4D88C-2A20-4241-B775-CAFB73CEDC90}.Release|Any CPU.ActiveCfg = Release|Any CPU
		{5FD4D88C-2A20-4241-B775-CAFB73CEDC90}.Release|Any CPU.Build.0 = Release|Any CPU
		{35D94269-E56A-4729-B0E2-13D240C67265}.Debug|Any CPU.ActiveCfg = Debug|Any CPU
		{35D94269-E56A-4729-B0E2-13D240C67265}.Debug|Any CPU.Build.0 = Debug|Any CPU
		{35D94269-E56A-4729-B0E2-13D240C67265}.Release|Any CPU.ActiveCfg = Release|Any CPU
		{35D94269-E56A-4729-B0E2-13D240C67265}.Release|Any CPU.Build.0 = Release|Any CPU
		{B63A5259-C359-4C38-A448-AC5217CAE559}.Debug|Any CPU.ActiveCfg = Debug|Any CPU
		{B63A5259-C359-4C38-A448-AC5217CAE559}.Debug|Any CPU.Build.0 = Debug|Any CPU
		{B63A5259-C359-4C38-A448-AC5217CAE559}.Release|Any CPU.ActiveCfg = Release|Any CPU
		{B63A5259-C359-4C38-A448-AC5217CAE559}.Release|Any CPU.Build.0 = Release|Any CPU
		{584887DD-94AB-46E0-B581-5D42BAB1A545}.Debug|Any CPU.ActiveCfg = Debug|Any CPU
		{584887DD-94AB-46E0-B581-5D42BAB1A545}.Debug|Any CPU.Build.0 = Debug|Any CPU
		{584887DD-94AB-46E0-B581-5D42BAB1A545}.Release|Any CPU.ActiveCfg = Release|Any CPU
		{584887DD-94AB-46E0-B581-5D42BAB1A545}.Release|Any CPU.Build.0 = Release|Any CPU
		{549721BC-D918-4312-A09E-CEE88BEEE5A4}.Debug|Any CPU.ActiveCfg = Debug|Any CPU
		{549721BC-D918-4312-A09E-CEE88BEEE5A4}.Debug|Any CPU.Build.0 = Debug|Any CPU
		{549721BC-D918-4312-A09E-CEE88BEEE5A4}.Release|Any CPU.ActiveCfg = Release|Any CPU
		{549721BC-D918-4312-A09E-CEE88BEEE5A4}.Release|Any CPU.Build.0 = Release|Any CPU
		{EA1DF635-2E89-4858-81A4-7850C6276855}.Debug|Any CPU.ActiveCfg = Debug|Any CPU
		{EA1DF635-2E89-4858-81A4-7850C6276855}.Debug|Any CPU.Build.0 = Debug|Any CPU
		{EA1DF635-2E89-4858-81A4-7850C6276855}.Release|Any CPU.ActiveCfg = Release|Any CPU
		{EA1DF635-2E89-4858-81A4-7850C6276855}.Release|Any CPU.Build.0 = Release|Any CPU
		{18C05627-2CEC-4500-8E5A-F482EA00FC05}.Debug|Any CPU.ActiveCfg = Debug|Any CPU
		{18C05627-2CEC-4500-8E5A-F482EA00FC05}.Debug|Any CPU.Build.0 = Debug|Any CPU
		{18C05627-2CEC-4500-8E5A-F482EA00FC05}.Release|Any CPU.ActiveCfg = Release|Any CPU
		{18C05627-2CEC-4500-8E5A-F482EA00FC05}.Release|Any CPU.Build.0 = Release|Any CPU
		{544452CB-E599-4FD5-800B-2D5DC87B50D1}.Debug|Any CPU.ActiveCfg = Debug|Any CPU
		{544452CB-E599-4FD5-800B-2D5DC87B50D1}.Debug|Any CPU.Build.0 = Debug|Any CPU
		{544452CB-E599-4FD5-800B-2D5DC87B50D1}.Release|Any CPU.ActiveCfg = Release|Any CPU
		{544452CB-E599-4FD5-800B-2D5DC87B50D1}.Release|Any CPU.Build.0 = Release|Any CPU
	EndGlobalSection
	GlobalSection(SolutionProperties) = preSolution
		HideSolutionNode = FALSE
	EndGlobalSection
	GlobalSection(NestedProjects) = preSolution
		{C2D8D702-DBB7-4AF3-881D-959A5B4DA663} = {8F94D11E-046B-4948-B395-8F4BD9C73792}
		{EB8F5DB6-FFF1-45AF-9BE6-2FDE7D5BE0E8} = {B3DE9C10-B176-4DA0-B682-EC437A93D143}
		{525A3A2F-DF0F-443C-9532-31AE83FDE616} = {0BD7BD75-32B2-47ED-9915-531A302756E2}
		{69C2805D-A05D-406C-8905-A7FE20318E77} = {F67CE2CB-8592-4435-B807-504D8B62BD2A}
		{5FD4D88C-2A20-4241-B775-CAFB73CEDC90} = {578F34D7-74FC-490C-BDA9-D4880A0ABE37}
		{35D94269-E56A-4729-B0E2-13D240C67265} = {D98CFBD6-110F-4CA9-B359-0C78EC48B673}
		{B63A5259-C359-4C38-A448-AC5217CAE559} = {B3DE9C10-B176-4DA0-B682-EC437A93D143}
		{584887DD-94AB-46E0-B581-5D42BAB1A545} = {8F94D11E-046B-4948-B395-8F4BD9C73792}
		{549721BC-D918-4312-A09E-CEE88BEEE5A4} = {0BD7BD75-32B2-47ED-9915-531A302756E2}
		{EA1DF635-2E89-4858-81A4-7850C6276855} = {F67CE2CB-8592-4435-B807-504D8B62BD2A}
		{18C05627-2CEC-4500-8E5A-F482EA00FC05} = {578F34D7-74FC-490C-BDA9-D4880A0ABE37}
		{544452CB-E599-4FD5-800B-2D5DC87B50D1} = {D98CFBD6-110F-4CA9-B359-0C78EC48B673}
	EndGlobalSection
	GlobalSection(ExtensibilityGlobals) = postSolution
		SolutionGuid = {06EEC465-720A-4360-B335-E74577C37E69}
	EndGlobalSection
EndGlobal
