
Microsoft Visual Studio Solution File, Format Version 12.00
# Visual Studio Version 16
VisualStudioVersion = 16.0.30320.27
MinimumVisualStudioVersion = 10.0.40219.1
Project("{6EC3EE1D-3C4E-46DD-8F32-0CC8E7565705}") = "basket-service-api", "basket-service\basket-service-api.fsproj", "{C2D8D702-DBB7-4AF3-881D-959A5B4DA663}"
EndProject
Project("{6EC3EE1D-3C4E-46DD-8F32-0CC8E7565705}") = "catalog-service-api", "catalog-service\catalog-service-api.fsproj", "{EB8F5DB6-FFF1-45AF-9BE6-2FDE7D5BE0E8}"
EndProject
Project("{6EC3EE1D-3C4E-46DD-8F32-0CC8E7565705}") = "identity-service-api", "identity-service\identity-service-api.fsproj", "{525A3A2F-DF0F-443C-9532-31AE83FDE616}"
EndProject
Project("{6EC3EE1D-3C4E-46DD-8F32-0CC8E7565705}") = "location-service-api", "location-service\location-service-api.fsproj", "{69C2805D-A05D-406C-8905-A7FE20318E77}"
EndProject
Project("{6EC3EE1D-3C4E-46DD-8F32-0CC8E7565705}") = "marketing-service-api", "marketing-service\marketing-service-api.fsproj", "{5FD4D88C-2A20-4241-B775-CAFB73CEDC90}"
EndProject
Project("{6EC3EE1D-3C4E-46DD-8F32-0CC8E7565705}") = "ordering-service", "ordering-service\ordering-service.fsproj", "{35D94269-E56A-4729-B0E2-13D240C67265}"
EndProject
Project("{6EC3EE1D-3C4E-46DD-8F32-0CC8E7565705}") = "catalog-listener", "catalog-service\catalog-listener\catalog-listener.fsproj", "{B63A5259-C359-4C38-A448-AC5217CAE559}"
EndProject
Project("{2150E333-8FDC-42A3-9474-1A3956D46DE8}") = "Basket", "Basket", "{8F94D11E-046B-4948-B395-8F4BD9C73792}"
EndProject
Project("{2150E333-8FDC-42A3-9474-1A3956D46DE8}") = "Catalog", "Catalog", "{B3DE9C10-B176-4DA0-B682-EC437A93D143}"
EndProject
Project("{2150E333-8FDC-42A3-9474-1A3956D46DE8}") = "Identity", "Identity", "{0BD7BD75-32B2-47ED-9915-531A302756E2}"
EndProject
Project("{2150E333-8FDC-42A3-9474-1A3956D46DE8}") = "Location", "Location", "{F67CE2CB-8592-4435-B807-504D8B62BD2A}"
EndProject
Project("{2150E333-8FDC-42A3-9474-1A3956D46DE8}") = "Marketing", "Marketing", "{578F34D7-74FC-490C-BDA9-D4880A0ABE37}"
EndProject
Project("{2150E333-8FDC-42A3-9474-1A3956D46DE8}") = "Ordering", "Ordering", "{D98CFBD6-110F-4CA9-B359-0C78EC48B673}"
EndProject
Project("{6EC3EE1D-3C4E-46DD-8F32-0CC8E7565705}") = "basket-listener", "basket\basket-listener\basket-listener.fsproj", "{584887DD-94AB-46E0-B581-5D42BAB1A545}"
EndProject
Project("{6EC3EE1D-3C4E-46DD-8F32-0CC8E7565705}") = "identity-listener", "identity\identity-listener\identity-listener.fsproj", "{549721BC-D918-4312-A09E-CEE88BEEE5A4}"
EndProject
Project("{6EC3EE1D-3C4E-46DD-8F32-0CC8E7565705}") = "location-listener", "location\location-listener\location-listener.fsproj", "{EA1DF635-2E89-4858-81A4-7850C6276855}"
EndProject
Project("{6EC3EE1D-3C4E-46DD-8F32-0CC8E7565705}") = "marketing-listener", "marketing\marketing-listener\marketing-listener.fsproj", "{18C05627-2CEC-4500-8E5A-F482EA00FC05}"
EndProject
Project("{6EC3EE1D-3C4E-46DD-8F32-0CC8E7565705}") = "ordering-listener", "ordering\ordering-listener\ordering-listener.fsproj", "{544452CB-E599-4FD5-800B-2D5DC87B50D1}"
EndProject
Project("{6EC3EE1D-3C4E-46DD-8F32-0CC8E7565705}") = "catalog-type-listener", "catalog-service\catalog-type-listener\catalog-type-listener\catalog-type-listener.fsproj", "{B7E8E862-692C-46EC-AAF2-099C3E500B84}"
EndProject
Project("{6EC3EE1D-3C4E-46DD-8F32-0CC8E7565705}") = "catalog-brand-listener", "catalog-service\catalog-brand-listener\catalog-brand-listener\catalog-brand-listener.fsproj", "{72CA38AC-2FF9-46AE-B909-92EEB9421B23}"
EndProject
Project("{6EC3EE1D-3C4E-46DD-8F32-0CC8E7565705}") = "catalog-service-infrastructure", "catalog-service\catalog-service-infrastructure\catalog-service-infrastructure.fsproj", "{54E76978-3DC5-468F-B84C-8DDBF3738A76}"
EndProject
Project("{6EC3EE1D-3C4E-46DD-8F32-0CC8E7565705}") = "catalog-service-core", "catalog-service\core\catalog-service-core\catalog-service-core.fsproj", "{3644434C-F52F-49D8-A232-BAE9F127F6B9}"
EndProject
Project("{6EC3EE1D-3C4E-46DD-8F32-0CC8E7565705}") = "basket-service-core", "basket-service\basket-service-core\basket-service-core\basket-service-core.fsproj", "{D2365D71-15A1-48F0-9FA2-7FB7EA560B7C}"
EndProject
Project("{6EC3EE1D-3C4E-46DD-8F32-0CC8E7565705}") = "identity-service-core", "identity-service\identity-service-core\identity-service-core\identity-service-core.fsproj", "{E92DC246-FB73-4170-987C-9D1979F5FDAC}"
EndProject
Project("{6EC3EE1D-3C4E-46DD-8F32-0CC8E7565705}") = "location-service-core", "location-service\location-service-core\location-service-core\location-service-core.fsproj", "{47613D21-1B15-4B6B-9BB7-A95B64989603}"
EndProject
Project("{2150E333-8FDC-42A3-9474-1A3956D46DE8}") = "Webhooks", "Webhooks", "{B5D9E43C-897B-4358-8488-B50912AD8C15}"
EndProject
Project("{6EC3EE1D-3C4E-46DD-8F32-0CC8E7565705}") = "marketing-service-core", "marketing-service\marketing-service-core\marketing-service-core\marketing-service-core.fsproj", "{9D20AC22-4C5F-4415-A9CF-9F98FEFD1D18}"
EndProject
Project("{6EC3EE1D-3C4E-46DD-8F32-0CC8E7565705}") = "ordering-service-core", "ordering-service\ordering-service-core\ordering-service-core\ordering-service-core.fsproj", "{8E83E526-F274-432A-A06B-CB1FA772F02A}"
EndProject
Project("{2150E333-8FDC-42A3-9474-1A3956D46DE8}") = "Payment", "Payment", "{701812EA-B53E-4E4C-972B-6AFDC487A4DC}"
EndProject
Project("{2150E333-8FDC-42A3-9474-1A3956D46DE8}") = "ApiGateways", "ApiGateways", "{CCB9A6D4-A663-45E1-908E-8C13AC58602A}"
EndProject
Project("{6EC3EE1D-3C4E-46DD-8F32-0CC8E7565705}") = "payment-service-api", "payment\payment-service\payment-service-api.fsproj", "{C03897BE-EE4C-4405-BB9E-E37BA07A9ED6}"
EndProject
Project("{6EC3EE1D-3C4E-46DD-8F32-0CC8E7565705}") = "webhooks-service-api", "webhooks\webhooks-service\webhooks-service-api.fsproj", "{DD8F2546-758C-43AC-AEAC-6F2C930E03AA}"
EndProject
Project("{F2A71F9B-5D33-465A-A702-920D77279786}") = "Test", "api-gateways\Test\Test.fsproj", "{37E3E779-E418-4E85-88FA-1CA1CBE1A13C}"
EndProject
Global
	GlobalSection(SolutionConfigurationPlatforms) = preSolution
		Debug|Any CPU = Debug|Any CPU
		Release|Any CPU = Release|Any CPU
	EndGlobalSection
	GlobalSection(ProjectConfigurationPlatforms) = postSolution
		{C2D8D702-DBB7-4AF3-881D-959A5B4DA663}.Debug|Any CPU.ActiveCfg = Debug|Any CPU
		{C2D8D702-DBB7-4AF3-881D-959A5B4DA663}.Debug|Any CPU.Build.0 = Debug|Any CPU
		{C2D8D702-DBB7-4AF3-881D-959A5B4DA663}.Release|Any CPU.ActiveCfg = Release|Any CPU
		{C2D8D702-DBB7-4AF3-881D-959A5B4DA663}.Release|Any CPU.Build.0 = Release|Any CPU
		{EB8F5DB6-FFF1-45AF-9BE6-2FDE7D5BE0E8}.Debug|Any CPU.ActiveCfg = Debug|Any CPU
		{EB8F5DB6-FFF1-45AF-9BE6-2FDE7D5BE0E8}.Debug|Any CPU.Build.0 = Debug|Any CPU
		{EB8F5DB6-FFF1-45AF-9BE6-2FDE7D5BE0E8}.Release|Any CPU.ActiveCfg = Release|Any CPU
		{EB8F5DB6-FFF1-45AF-9BE6-2FDE7D5BE0E8}.Release|Any CPU.Build.0 = Release|Any CPU
		{525A3A2F-DF0F-443C-9532-31AE83FDE616}.Debug|Any CPU.ActiveCfg = Debug|Any CPU
		{525A3A2F-DF0F-443C-9532-31AE83FDE616}.Debug|Any CPU.Build.0 = Debug|Any CPU
		{525A3A2F-DF0F-443C-9532-31AE83FDE616}.Release|Any CPU.ActiveCfg = Release|Any CPU
		{525A3A2F-DF0F-443C-9532-31AE83FDE616}.Release|Any CPU.Build.0 = Release|Any CPU
		{69C2805D-A05D-406C-8905-A7FE20318E77}.Debug|Any CPU.ActiveCfg = Debug|Any CPU
		{69C2805D-A05D-406C-8905-A7FE20318E77}.Debug|Any CPU.Build.0 = Debug|Any CPU
		{69C2805D-A05D-406C-8905-A7FE20318E77}.Release|Any CPU.ActiveCfg = Release|Any CPU
		{69C2805D-A05D-406C-8905-A7FE20318E77}.Release|Any CPU.Build.0 = Release|Any CPU
		{5FD4D88C-2A20-4241-B775-CAFB73CEDC90}.Debug|Any CPU.ActiveCfg = Debug|Any CPU
		{5FD4D88C-2A20-4241-B775-CAFB73CEDC90}.Debug|Any CPU.Build.0 = Debug|Any CPU
		{5FD4D88C-2A20-4241-B775-CAFB73CEDC90}.Release|Any CPU.ActiveCfg = Release|Any CPU
		{5FD4D88C-2A20-4241-B775-CAFB73CEDC90}.Release|Any CPU.Build.0 = Release|Any CPU
		{35D94269-E56A-4729-B0E2-13D240C67265}.Debug|Any CPU.ActiveCfg = Debug|Any CPU
		{35D94269-E56A-4729-B0E2-13D240C67265}.Debug|Any CPU.Build.0 = Debug|Any CPU
		{35D94269-E56A-4729-B0E2-13D240C67265}.Release|Any CPU.ActiveCfg = Release|Any CPU
		{35D94269-E56A-4729-B0E2-13D240C67265}.Release|Any CPU.Build.0 = Release|Any CPU
		{B63A5259-C359-4C38-A448-AC5217CAE559}.Debug|Any CPU.ActiveCfg = Debug|Any CPU
		{B63A5259-C359-4C38-A448-AC5217CAE559}.Debug|Any CPU.Build.0 = Debug|Any CPU
		{B63A5259-C359-4C38-A448-AC5217CAE559}.Release|Any CPU.ActiveCfg = Release|Any CPU
		{B63A5259-C359-4C38-A448-AC5217CAE559}.Release|Any CPU.Build.0 = Release|Any CPU
		{584887DD-94AB-46E0-B581-5D42BAB1A545}.Debug|Any CPU.ActiveCfg = Debug|Any CPU
		{584887DD-94AB-46E0-B581-5D42BAB1A545}.Debug|Any CPU.Build.0 = Debug|Any CPU
		{584887DD-94AB-46E0-B581-5D42BAB1A545}.Release|Any CPU.ActiveCfg = Release|Any CPU
		{584887DD-94AB-46E0-B581-5D42BAB1A545}.Release|Any CPU.Build.0 = Release|Any CPU
		{549721BC-D918-4312-A09E-CEE88BEEE5A4}.Debug|Any CPU.ActiveCfg = Debug|Any CPU
		{549721BC-D918-4312-A09E-CEE88BEEE5A4}.Debug|Any CPU.Build.0 = Debug|Any CPU
		{549721BC-D918-4312-A09E-CEE88BEEE5A4}.Release|Any CPU.ActiveCfg = Release|Any CPU
		{549721BC-D918-4312-A09E-CEE88BEEE5A4}.Release|Any CPU.Build.0 = Release|Any CPU
		{EA1DF635-2E89-4858-81A4-7850C6276855}.Debug|Any CPU.ActiveCfg = Debug|Any CPU
		{EA1DF635-2E89-4858-81A4-7850C6276855}.Debug|Any CPU.Build.0 = Debug|Any CPU
		{EA1DF635-2E89-4858-81A4-7850C6276855}.Release|Any CPU.ActiveCfg = Release|Any CPU
		{EA1DF635-2E89-4858-81A4-7850C6276855}.Release|Any CPU.Build.0 = Release|Any CPU
		{18C05627-2CEC-4500-8E5A-F482EA00FC05}.Debug|Any CPU.ActiveCfg = Debug|Any CPU
		{18C05627-2CEC-4500-8E5A-F482EA00FC05}.Debug|Any CPU.Build.0 = Debug|Any CPU
		{18C05627-2CEC-4500-8E5A-F482EA00FC05}.Release|Any CPU.ActiveCfg = Release|Any CPU
		{18C05627-2CEC-4500-8E5A-F482EA00FC05}.Release|Any CPU.Build.0 = Release|Any CPU
		{544452CB-E599-4FD5-800B-2D5DC87B50D1}.Debug|Any CPU.ActiveCfg = Debug|Any CPU
		{544452CB-E599-4FD5-800B-2D5DC87B50D1}.Debug|Any CPU.Build.0 = Debug|Any CPU
		{544452CB-E599-4FD5-800B-2D5DC87B50D1}.Release|Any CPU.ActiveCfg = Release|Any CPU
		{544452CB-E599-4FD5-800B-2D5DC87B50D1}.Release|Any CPU.Build.0 = Release|Any CPU
		{B7E8E862-692C-46EC-AAF2-099C3E500B84}.Debug|Any CPU.ActiveCfg = Debug|Any CPU
		{B7E8E862-692C-46EC-AAF2-099C3E500B84}.Debug|Any CPU.Build.0 = Debug|Any CPU
		{B7E8E862-692C-46EC-AAF2-099C3E500B84}.Release|Any CPU.ActiveCfg = Release|Any CPU
		{B7E8E862-692C-46EC-AAF2-099C3E500B84}.Release|Any CPU.Build.0 = Release|Any CPU
		{72CA38AC-2FF9-46AE-B909-92EEB9421B23}.Debug|Any CPU.ActiveCfg = Debug|Any CPU
		{72CA38AC-2FF9-46AE-B909-92EEB9421B23}.Debug|Any CPU.Build.0 = Debug|Any CPU
		{72CA38AC-2FF9-46AE-B909-92EEB9421B23}.Release|Any CPU.ActiveCfg = Release|Any CPU
		{72CA38AC-2FF9-46AE-B909-92EEB9421B23}.Release|Any CPU.Build.0 = Release|Any CPU
		{54E76978-3DC5-468F-B84C-8DDBF3738A76}.Debug|Any CPU.ActiveCfg = Debug|Any CPU
		{54E76978-3DC5-468F-B84C-8DDBF3738A76}.Debug|Any CPU.Build.0 = Debug|Any CPU
		{54E76978-3DC5-468F-B84C-8DDBF3738A76}.Release|Any CPU.ActiveCfg = Release|Any CPU
		{54E76978-3DC5-468F-B84C-8DDBF3738A76}.Release|Any CPU.Build.0 = Release|Any CPU
		{3644434C-F52F-49D8-A232-BAE9F127F6B9}.Debug|Any CPU.ActiveCfg = Debug|Any CPU
		{3644434C-F52F-49D8-A232-BAE9F127F6B9}.Debug|Any CPU.Build.0 = Debug|Any CPU
		{3644434C-F52F-49D8-A232-BAE9F127F6B9}.Release|Any CPU.ActiveCfg = Release|Any CPU
		{3644434C-F52F-49D8-A232-BAE9F127F6B9}.Release|Any CPU.Build.0 = Release|Any CPU
		{D2365D71-15A1-48F0-9FA2-7FB7EA560B7C}.Debug|Any CPU.ActiveCfg = Debug|Any CPU
		{D2365D71-15A1-48F0-9FA2-7FB7EA560B7C}.Debug|Any CPU.Build.0 = Debug|Any CPU
		{D2365D71-15A1-48F0-9FA2-7FB7EA560B7C}.Release|Any CPU.ActiveCfg = Release|Any CPU
		{D2365D71-15A1-48F0-9FA2-7FB7EA560B7C}.Release|Any CPU.Build.0 = Release|Any CPU
		{E92DC246-FB73-4170-987C-9D1979F5FDAC}.Debug|Any CPU.ActiveCfg = Debug|Any CPU
		{E92DC246-FB73-4170-987C-9D1979F5FDAC}.Debug|Any CPU.Build.0 = Debug|Any CPU
		{E92DC246-FB73-4170-987C-9D1979F5FDAC}.Release|Any CPU.ActiveCfg = Release|Any CPU
		{E92DC246-FB73-4170-987C-9D1979F5FDAC}.Release|Any CPU.Build.0 = Release|Any CPU
		{47613D21-1B15-4B6B-9BB7-A95B64989603}.Debug|Any CPU.ActiveCfg = Debug|Any CPU
		{47613D21-1B15-4B6B-9BB7-A95B64989603}.Debug|Any CPU.Build.0 = Debug|Any CPU
		{47613D21-1B15-4B6B-9BB7-A95B64989603}.Release|Any CPU.ActiveCfg = Release|Any CPU
		{47613D21-1B15-4B6B-9BB7-A95B64989603}.Release|Any CPU.Build.0 = Release|Any CPU
		{9D20AC22-4C5F-4415-A9CF-9F98FEFD1D18}.Debug|Any CPU.ActiveCfg = Debug|Any CPU
		{9D20AC22-4C5F-4415-A9CF-9F98FEFD1D18}.Debug|Any CPU.Build.0 = Debug|Any CPU
		{9D20AC22-4C5F-4415-A9CF-9F98FEFD1D18}.Release|Any CPU.ActiveCfg = Release|Any CPU
		{9D20AC22-4C5F-4415-A9CF-9F98FEFD1D18}.Release|Any CPU.Build.0 = Release|Any CPU
		{8E83E526-F274-432A-A06B-CB1FA772F02A}.Debug|Any CPU.ActiveCfg = Debug|Any CPU
		{8E83E526-F274-432A-A06B-CB1FA772F02A}.Debug|Any CPU.Build.0 = Debug|Any CPU
		{8E83E526-F274-432A-A06B-CB1FA772F02A}.Release|Any CPU.ActiveCfg = Release|Any CPU
		{8E83E526-F274-432A-A06B-CB1FA772F02A}.Release|Any CPU.Build.0 = Release|Any CPU
		{C03897BE-EE4C-4405-BB9E-E37BA07A9ED6}.Debug|Any CPU.ActiveCfg = Debug|Any CPU
		{C03897BE-EE4C-4405-BB9E-E37BA07A9ED6}.Debug|Any CPU.Build.0 = Debug|Any CPU
		{C03897BE-EE4C-4405-BB9E-E37BA07A9ED6}.Release|Any CPU.ActiveCfg = Release|Any CPU
		{C03897BE-EE4C-4405-BB9E-E37BA07A9ED6}.Release|Any CPU.Build.0 = Release|Any CPU
		{DD8F2546-758C-43AC-AEAC-6F2C930E03AA}.Debug|Any CPU.ActiveCfg = Debug|Any CPU
		{DD8F2546-758C-43AC-AEAC-6F2C930E03AA}.Debug|Any CPU.Build.0 = Debug|Any CPU
		{DD8F2546-758C-43AC-AEAC-6F2C930E03AA}.Release|Any CPU.ActiveCfg = Release|Any CPU
		{DD8F2546-758C-43AC-AEAC-6F2C930E03AA}.Release|Any CPU.Build.0 = Release|Any CPU
		{37E3E779-E418-4E85-88FA-1CA1CBE1A13C}.Debug|Any CPU.ActiveCfg = Debug|Any CPU
		{37E3E779-E418-4E85-88FA-1CA1CBE1A13C}.Debug|Any CPU.Build.0 = Debug|Any CPU
		{37E3E779-E418-4E85-88FA-1CA1CBE1A13C}.Release|Any CPU.ActiveCfg = Release|Any CPU
		{37E3E779-E418-4E85-88FA-1CA1CBE1A13C}.Release|Any CPU.Build.0 = Release|Any CPU
	EndGlobalSection
	GlobalSection(SolutionProperties) = preSolution
		HideSolutionNode = FALSE
	EndGlobalSection
	GlobalSection(NestedProjects) = preSolution
		{C2D8D702-DBB7-4AF3-881D-959A5B4DA663} = {8F94D11E-046B-4948-B395-8F4BD9C73792}
		{EB8F5DB6-FFF1-45AF-9BE6-2FDE7D5BE0E8} = {B3DE9C10-B176-4DA0-B682-EC437A93D143}
		{525A3A2F-DF0F-443C-9532-31AE83FDE616} = {0BD7BD75-32B2-47ED-9915-531A302756E2}
		{69C2805D-A05D-406C-8905-A7FE20318E77} = {F67CE2CB-8592-4435-B807-504D8B62BD2A}
		{5FD4D88C-2A20-4241-B775-CAFB73CEDC90} = {578F34D7-74FC-490C-BDA9-D4880A0ABE37}
		{35D94269-E56A-4729-B0E2-13D240C67265} = {D98CFBD6-110F-4CA9-B359-0C78EC48B673}
		{B63A5259-C359-4C38-A448-AC5217CAE559} = {B3DE9C10-B176-4DA0-B682-EC437A93D143}
		{584887DD-94AB-46E0-B581-5D42BAB1A545} = {8F94D11E-046B-4948-B395-8F4BD9C73792}
		{549721BC-D918-4312-A09E-CEE88BEEE5A4} = {0BD7BD75-32B2-47ED-9915-531A302756E2}
		{EA1DF635-2E89-4858-81A4-7850C6276855} = {F67CE2CB-8592-4435-B807-504D8B62BD2A}
		{18C05627-2CEC-4500-8E5A-F482EA00FC05} = {578F34D7-74FC-490C-BDA9-D4880A0ABE37}
		{544452CB-E599-4FD5-800B-2D5DC87B50D1} = {D98CFBD6-110F-4CA9-B359-0C78EC48B673}
		{B7E8E862-692C-46EC-AAF2-099C3E500B84} = {B3DE9C10-B176-4DA0-B682-EC437A93D143}
		{72CA38AC-2FF9-46AE-B909-92EEB9421B23} = {B3DE9C10-B176-4DA0-B682-EC437A93D143}
		{54E76978-3DC5-468F-B84C-8DDBF3738A76} = {B3DE9C10-B176-4DA0-B682-EC437A93D143}
		{3644434C-F52F-49D8-A232-BAE9F127F6B9} = {B3DE9C10-B176-4DA0-B682-EC437A93D143}
		{D2365D71-15A1-48F0-9FA2-7FB7EA560B7C} = {8F94D11E-046B-4948-B395-8F4BD9C73792}
		{E92DC246-FB73-4170-987C-9D1979F5FDAC} = {0BD7BD75-32B2-47ED-9915-531A302756E2}
		{47613D21-1B15-4B6B-9BB7-A95B64989603} = {F67CE2CB-8592-4435-B807-504D8B62BD2A}
		{9D20AC22-4C5F-4415-A9CF-9F98FEFD1D18} = {578F34D7-74FC-490C-BDA9-D4880A0ABE37}
		{8E83E526-F274-432A-A06B-CB1FA772F02A} = {D98CFBD6-110F-4CA9-B359-0C78EC48B673}
		{C03897BE-EE4C-4405-BB9E-E37BA07A9ED6} = {701812EA-B53E-4E4C-972B-6AFDC487A4DC}
		{DD8F2546-758C-43AC-AEAC-6F2C930E03AA} = {B5D9E43C-897B-4358-8488-B50912AD8C15}
		{37E3E779-E418-4E85-88FA-1CA1CBE1A13C} = {CCB9A6D4-A663-45E1-908E-8C13AC58602A}
	EndGlobalSection
	GlobalSection(ExtensibilityGlobals) = postSolution
		SolutionGuid = {06EEC465-720A-4360-B335-E74577C37E69}
	EndGlobalSection
EndGlobal
