
Microsoft Visual Studio Solution File, Format Version 12.00
# Visual Studio Version 16
VisualStudioVersion = 16.0.30320.27
MinimumVisualStudioVersion = 10.0.40219.1
Project("{6EC3EE1D-3C4E-46DD-8F32-0CC8E7565705}") = "catalog-listener", "catalog-service\catalog-listener\catalog-listener.fsproj", "{B63A5259-C359-4C38-A448-AC5217CAE559}"
EndProject
Project("{2150E333-8FDC-42A3-9474-1A3956D46DE8}") = "Basket", "Basket", "{8F94D11E-046B-4948-B395-8F4BD9C73792}"
EndProject
Project("{2150E333-8FDC-42A3-9474-1A3956D46DE8}") = "Catalog", "Catalog", "{B3DE9C10-B176-4DA0-B682-EC437A93D143}"
EndProject
Project("{2150E333-8FDC-42A3-9474-1A3956D46DE8}") = "Identity", "Identity", "{0BD7BD75-32B2-47ED-9915-531A302756E2}"
EndProject
Project("{2150E333-8FDC-42A3-9474-1A3956D46DE8}") = "Location", "Location", "{F67CE2CB-8592-4435-B807-504D8B62BD2A}"
EndProject
Project("{2150E333-8FDC-42A3-9474-1A3956D46DE8}") = "Marketing", "Marketing", "{578F34D7-74FC-490C-BDA9-D4880A0ABE37}"
EndProject
Project("{2150E333-8FDC-42A3-9474-1A3956D46DE8}") = "Ordering", "Ordering", "{D98CFBD6-110F-4CA9-B359-0C78EC48B673}"
EndProject
Project("{2150E333-8FDC-42A3-9474-1A3956D46DE8}") = "Webhooks", "Webhooks", "{B5D9E43C-897B-4358-8488-B50912AD8C15}"
EndProject
Project("{2150E333-8FDC-42A3-9474-1A3956D46DE8}") = "Payment", "Payment", "{701812EA-B53E-4E4C-972B-6AFDC487A4DC}"
EndProject
Project("{2150E333-8FDC-42A3-9474-1A3956D46DE8}") = "ApiGateways", "ApiGateways", "{CCB9A6D4-A663-45E1-908E-8C13AC58602A}"
EndProject
Project("{6EC3EE1D-3C4E-46DD-8F32-0CC8E7565705}") = "Test", "api-gateways\Test\Test.fsproj", "{37E3E779-E418-4E85-88FA-1CA1CBE1A13C}"
EndProject
Project("{2150E333-8FDC-42A3-9474-1A3956D46DE8}") = "Utils", "Utils", "{B7ECE9D7-053C-4B9F-93AF-8EDBBAE3F7F7}"
EndProject
Project("{6EC3EE1D-3C4E-46DD-8F32-0CC8E7565705}") = "rabbitmq", "utils\rabbitmq\rabbitmq.fsproj", "{41C47177-C7E5-4B87-B48E-189AAEE6D43D}"
EndProject
Project("{6EC3EE1D-3C4E-46DD-8F32-0CC8E7565705}") = "rabbitmq-test", "utils\rabbitmq-test\rabbitmq-test\rabbitmq-test.fsproj", "{9BBA8F35-8634-48A0-B292-B2BC4E4D8B8D}"
EndProject
Project("{6EC3EE1D-3C4E-46DD-8F32-0CC8E7565705}") = "identity-service-api", "identity-service\api\identity-service-api.fsproj", "{2780A1F9-AE9D-4514-A82D-8BAFFC3F3456}"
EndProject
Project("{6EC3EE1D-3C4E-46DD-8F32-0CC8E7565705}") = "identity-listener", "identity-service\listener\identity-listener.fsproj", "{1DF2C0CB-236C-4E0A-B916-E8F7D77DE47B}"
EndProject
Project("{6EC3EE1D-3C4E-46DD-8F32-0CC8E7565705}") = "identity-service-core", "identity-service\core\identity-service-core.fsproj", "{CF6D6822-756A-491A-B83A-9CDF05F70C25}"
EndProject
Project("{6EC3EE1D-3C4E-46DD-8F32-0CC8E7565705}") = "basket-service-api", "basket-service\api\basket-service-api.fsproj", "{A7BD22A1-3A85-4207-9116-FE0AEF78DAB9}"
EndProject
Project("{6EC3EE1D-3C4E-46DD-8F32-0CC8E7565705}") = "basket-service-core", "basket-service\core\basket-service-core.fsproj", "{4D3CB20B-70DC-412C-A47F-510844ABCB27}"
EndProject
Project("{6EC3EE1D-3C4E-46DD-8F32-0CC8E7565705}") = "basket-service-infrastructure", "basket-service\infrastructure\basket-service-infrastructure.fsproj", "{A1395441-6F3B-46CB-AAD8-205B39CF5F72}"
EndProject
Project("{6EC3EE1D-3C4E-46DD-8F32-0CC8E7565705}") = "catalog-brand-listener", "catalog-service\catalog-brand-listener\catalog-brand-listener.fsproj", "{B1116ABA-5410-4E3A-BCDF-F08EDEA3C713}"
EndProject
Project("{6EC3EE1D-3C4E-46DD-8F32-0CC8E7565705}") = "catalog-service-api", "catalog-service\api\catalog-service-api.fsproj", "{889EDBF2-D25C-4559-9E41-2DBD632B62A9}"
EndProject
Project("{6EC3EE1D-3C4E-46DD-8F32-0CC8E7565705}") = "catalog-service-infrastructure", "catalog-service\infrastructure\catalog-service-infrastructure.fsproj", "{82B2D811-6A7F-4B15-B1EF-CECE045B404B}"
EndProject
Project("{6EC3EE1D-3C4E-46DD-8F32-0CC8E7565705}") = "catalog-type-listener", "catalog-service\catalog-type-listener\catalog-type-listener.fsproj", "{F433E86C-8ACB-4DF0-8DBC-40B7DDAE0093}"
EndProject
Project("{6EC3EE1D-3C4E-46DD-8F32-0CC8E7565705}") = "location-listener", "location-service\listener\location-listener.fsproj", "{BA21791C-F336-4480-BE1F-B2AB6A67DB65}"
EndProject
Project("{6EC3EE1D-3C4E-46DD-8F32-0CC8E7565705}") = "location-service-api", "location-service\api\location-service-api.fsproj", "{DD03785C-87AD-4AF2-8A4E-3745D5329B2E}"
EndProject
Project("{6EC3EE1D-3C4E-46DD-8F32-0CC8E7565705}") = "location-service-core", "location-service\core\location-service-core.fsproj", "{F0118DA2-8477-4E8A-8709-E9D3CEF1545A}"
EndProject
Project("{6EC3EE1D-3C4E-46DD-8F32-0CC8E7565705}") = "location-service-infrastructure", "location-service\infrastructure\location-service-infrastructure.fsproj", "{2C4C8312-AE7F-460C-999E-00FA53D40C76}"
EndProject
Project("{6EC3EE1D-3C4E-46DD-8F32-0CC8E7565705}") = "marketing-service-api", "marketing-service\api\marketing-service-api.fsproj", "{D95F7847-AF73-4EE2-A95E-D7798C5B4749}"
EndProject
Project("{6EC3EE1D-3C4E-46DD-8F32-0CC8E7565705}") = "marketing-service-core", "marketing-service\core\marketing-service-core.fsproj", "{63B2F3DA-6AC4-40D2-88B7-666380A8C7E7}"
EndProject
Project("{6EC3EE1D-3C4E-46DD-8F32-0CC8E7565705}") = "marketing-listener", "marketing-service\listener\marketing-listener.fsproj", "{A26D43D6-DD25-4987-B5D4-1B042A2AC725}"
EndProject
Project("{6EC3EE1D-3C4E-46DD-8F32-0CC8E7565705}") = "ordering-listener", "ordering-service\listener\ordering-listener.fsproj", "{2A191BD9-DD6E-4A9C-8FFB-A34531E44525}"
EndProject
Project("{6EC3EE1D-3C4E-46DD-8F32-0CC8E7565705}") = "ordering-service", "ordering-service\api\ordering-service.fsproj", "{FA87E7E9-EFD6-49E2-AE2E-766FBC57548A}"
EndProject
Project("{6EC3EE1D-3C4E-46DD-8F32-0CC8E7565705}") = "ordering-service-core", "ordering-service\core\ordering-service-core.fsproj", "{07DE6C67-6278-44D7-BA02-A59C476A7FFC}"
EndProject
Project("{6EC3EE1D-3C4E-46DD-8F32-0CC8E7565705}") = "payment-service-api", "payment\api\payment-service-api.fsproj", "{11A59AA3-1529-493E-9274-60F86079F5B8}"
EndProject
Project("{6EC3EE1D-3C4E-46DD-8F32-0CC8E7565705}") = "webhooks-service-api", "webhooks\api\webhooks-service-api.fsproj", "{D47BDBE5-6278-4594-AFDA-F46AB459320F}"
EndProject
Project("{6EC3EE1D-3C4E-46DD-8F32-0CC8E7565705}") = "catalog-service-core", "catalog-service\core\catalog-service-core.fsproj", "{52BA4A4E-CE41-4D35-B2ED-B7C4A6441714}"
EndProject
Project("{6EC3EE1D-3C4E-46DD-8F32-0CC8E7565705}") = "basket-listener", "basket-service\listener\basket-listener.fsproj", "{614D94B9-B160-4D68-8D5C-963EFC81FE30}"
EndProject
Global
	GlobalSection(SolutionConfigurationPlatforms) = preSolution
		Debug|Any CPU = Debug|Any CPU
		Release|Any CPU = Release|Any CPU
	EndGlobalSection
	GlobalSection(ProjectConfigurationPlatforms) = postSolution
		{B63A5259-C359-4C38-A448-AC5217CAE559}.Debug|Any CPU.ActiveCfg = Debug|Any CPU
		{B63A5259-C359-4C38-A448-AC5217CAE559}.Debug|Any CPU.Build.0 = Debug|Any CPU
		{B63A5259-C359-4C38-A448-AC5217CAE559}.Release|Any CPU.ActiveCfg = Release|Any CPU
		{B63A5259-C359-4C38-A448-AC5217CAE559}.Release|Any CPU.Build.0 = Release|Any CPU
		{37E3E779-E418-4E85-88FA-1CA1CBE1A13C}.Debug|Any CPU.ActiveCfg = Debug|Any CPU
		{37E3E779-E418-4E85-88FA-1CA1CBE1A13C}.Debug|Any CPU.Build.0 = Debug|Any CPU
		{37E3E779-E418-4E85-88FA-1CA1CBE1A13C}.Release|Any CPU.ActiveCfg = Release|Any CPU
		{37E3E779-E418-4E85-88FA-1CA1CBE1A13C}.Release|Any CPU.Build.0 = Release|Any CPU
		{41C47177-C7E5-4B87-B48E-189AAEE6D43D}.Debug|Any CPU.ActiveCfg = Debug|Any CPU
		{41C47177-C7E5-4B87-B48E-189AAEE6D43D}.Debug|Any CPU.Build.0 = Debug|Any CPU
		{41C47177-C7E5-4B87-B48E-189AAEE6D43D}.Release|Any CPU.ActiveCfg = Release|Any CPU
		{41C47177-C7E5-4B87-B48E-189AAEE6D43D}.Release|Any CPU.Build.0 = Release|Any CPU
		{9BBA8F35-8634-48A0-B292-B2BC4E4D8B8D}.Debug|Any CPU.ActiveCfg = Debug|Any CPU
		{9BBA8F35-8634-48A0-B292-B2BC4E4D8B8D}.Debug|Any CPU.Build.0 = Debug|Any CPU
		{9BBA8F35-8634-48A0-B292-B2BC4E4D8B8D}.Release|Any CPU.ActiveCfg = Release|Any CPU
		{9BBA8F35-8634-48A0-B292-B2BC4E4D8B8D}.Release|Any CPU.Build.0 = Release|Any CPU
		{2780A1F9-AE9D-4514-A82D-8BAFFC3F3456}.Debug|Any CPU.ActiveCfg = Debug|Any CPU
		{2780A1F9-AE9D-4514-A82D-8BAFFC3F3456}.Debug|Any CPU.Build.0 = Debug|Any CPU
		{2780A1F9-AE9D-4514-A82D-8BAFFC3F3456}.Release|Any CPU.ActiveCfg = Release|Any CPU
		{2780A1F9-AE9D-4514-A82D-8BAFFC3F3456}.Release|Any CPU.Build.0 = Release|Any CPU
		{1DF2C0CB-236C-4E0A-B916-E8F7D77DE47B}.Debug|Any CPU.ActiveCfg = Debug|Any CPU
		{1DF2C0CB-236C-4E0A-B916-E8F7D77DE47B}.Debug|Any CPU.Build.0 = Debug|Any CPU
		{1DF2C0CB-236C-4E0A-B916-E8F7D77DE47B}.Release|Any CPU.ActiveCfg = Release|Any CPU
		{1DF2C0CB-236C-4E0A-B916-E8F7D77DE47B}.Release|Any CPU.Build.0 = Release|Any CPU
		{CF6D6822-756A-491A-B83A-9CDF05F70C25}.Debug|Any CPU.ActiveCfg = Debug|Any CPU
		{CF6D6822-756A-491A-B83A-9CDF05F70C25}.Debug|Any CPU.Build.0 = Debug|Any CPU
		{CF6D6822-756A-491A-B83A-9CDF05F70C25}.Release|Any CPU.ActiveCfg = Release|Any CPU
		{CF6D6822-756A-491A-B83A-9CDF05F70C25}.Release|Any CPU.Build.0 = Release|Any CPU
		{A7BD22A1-3A85-4207-9116-FE0AEF78DAB9}.Debug|Any CPU.ActiveCfg = Debug|Any CPU
		{A7BD22A1-3A85-4207-9116-FE0AEF78DAB9}.Debug|Any CPU.Build.0 = Debug|Any CPU
		{A7BD22A1-3A85-4207-9116-FE0AEF78DAB9}.Release|Any CPU.ActiveCfg = Release|Any CPU
		{A7BD22A1-3A85-4207-9116-FE0AEF78DAB9}.Release|Any CPU.Build.0 = Release|Any CPU
		{4D3CB20B-70DC-412C-A47F-510844ABCB27}.Debug|Any CPU.ActiveCfg = Debug|Any CPU
		{4D3CB20B-70DC-412C-A47F-510844ABCB27}.Debug|Any CPU.Build.0 = Debug|Any CPU
		{4D3CB20B-70DC-412C-A47F-510844ABCB27}.Release|Any CPU.ActiveCfg = Release|Any CPU
		{4D3CB20B-70DC-412C-A47F-510844ABCB27}.Release|Any CPU.Build.0 = Release|Any CPU
		{A1395441-6F3B-46CB-AAD8-205B39CF5F72}.Debug|Any CPU.ActiveCfg = Debug|Any CPU
		{A1395441-6F3B-46CB-AAD8-205B39CF5F72}.Debug|Any CPU.Build.0 = Debug|Any CPU
		{A1395441-6F3B-46CB-AAD8-205B39CF5F72}.Release|Any CPU.ActiveCfg = Release|Any CPU
		{A1395441-6F3B-46CB-AAD8-205B39CF5F72}.Release|Any CPU.Build.0 = Release|Any CPU
		{B1116ABA-5410-4E3A-BCDF-F08EDEA3C713}.Debug|Any CPU.ActiveCfg = Debug|Any CPU
		{B1116ABA-5410-4E3A-BCDF-F08EDEA3C713}.Debug|Any CPU.Build.0 = Debug|Any CPU
		{B1116ABA-5410-4E3A-BCDF-F08EDEA3C713}.Release|Any CPU.ActiveCfg = Release|Any CPU
		{B1116ABA-5410-4E3A-BCDF-F08EDEA3C713}.Release|Any CPU.Build.0 = Release|Any CPU
		{889EDBF2-D25C-4559-9E41-2DBD632B62A9}.Debug|Any CPU.ActiveCfg = Debug|Any CPU
		{889EDBF2-D25C-4559-9E41-2DBD632B62A9}.Debug|Any CPU.Build.0 = Debug|Any CPU
		{889EDBF2-D25C-4559-9E41-2DBD632B62A9}.Release|Any CPU.ActiveCfg = Release|Any CPU
		{889EDBF2-D25C-4559-9E41-2DBD632B62A9}.Release|Any CPU.Build.0 = Release|Any CPU
		{82B2D811-6A7F-4B15-B1EF-CECE045B404B}.Debug|Any CPU.ActiveCfg = Debug|Any CPU
		{82B2D811-6A7F-4B15-B1EF-CECE045B404B}.Debug|Any CPU.Build.0 = Debug|Any CPU
		{82B2D811-6A7F-4B15-B1EF-CECE045B404B}.Release|Any CPU.ActiveCfg = Release|Any CPU
		{82B2D811-6A7F-4B15-B1EF-CECE045B404B}.Release|Any CPU.Build.0 = Release|Any CPU
		{F433E86C-8ACB-4DF0-8DBC-40B7DDAE0093}.Debug|Any CPU.ActiveCfg = Debug|Any CPU
		{F433E86C-8ACB-4DF0-8DBC-40B7DDAE0093}.Debug|Any CPU.Build.0 = Debug|Any CPU
		{F433E86C-8ACB-4DF0-8DBC-40B7DDAE0093}.Release|Any CPU.ActiveCfg = Release|Any CPU
		{F433E86C-8ACB-4DF0-8DBC-40B7DDAE0093}.Release|Any CPU.Build.0 = Release|Any CPU
		{BA21791C-F336-4480-BE1F-B2AB6A67DB65}.Debug|Any CPU.ActiveCfg = Debug|Any CPU
		{BA21791C-F336-4480-BE1F-B2AB6A67DB65}.Debug|Any CPU.Build.0 = Debug|Any CPU
		{BA21791C-F336-4480-BE1F-B2AB6A67DB65}.Release|Any CPU.ActiveCfg = Release|Any CPU
		{BA21791C-F336-4480-BE1F-B2AB6A67DB65}.Release|Any CPU.Build.0 = Release|Any CPU
		{DD03785C-87AD-4AF2-8A4E-3745D5329B2E}.Debug|Any CPU.ActiveCfg = Debug|Any CPU
		{DD03785C-87AD-4AF2-8A4E-3745D5329B2E}.Debug|Any CPU.Build.0 = Debug|Any CPU
		{DD03785C-87AD-4AF2-8A4E-3745D5329B2E}.Release|Any CPU.ActiveCfg = Release|Any CPU
		{DD03785C-87AD-4AF2-8A4E-3745D5329B2E}.Release|Any CPU.Build.0 = Release|Any CPU
		{F0118DA2-8477-4E8A-8709-E9D3CEF1545A}.Debug|Any CPU.ActiveCfg = Debug|Any CPU
		{F0118DA2-8477-4E8A-8709-E9D3CEF1545A}.Debug|Any CPU.Build.0 = Debug|Any CPU
		{F0118DA2-8477-4E8A-8709-E9D3CEF1545A}.Release|Any CPU.ActiveCfg = Release|Any CPU
		{F0118DA2-8477-4E8A-8709-E9D3CEF1545A}.Release|Any CPU.Build.0 = Release|Any CPU
		{2C4C8312-AE7F-460C-999E-00FA53D40C76}.Debug|Any CPU.ActiveCfg = Debug|Any CPU
		{2C4C8312-AE7F-460C-999E-00FA53D40C76}.Debug|Any CPU.Build.0 = Debug|Any CPU
		{2C4C8312-AE7F-460C-999E-00FA53D40C76}.Release|Any CPU.ActiveCfg = Release|Any CPU
		{2C4C8312-AE7F-460C-999E-00FA53D40C76}.Release|Any CPU.Build.0 = Release|Any CPU
		{D95F7847-AF73-4EE2-A95E-D7798C5B4749}.Debug|Any CPU.ActiveCfg = Debug|Any CPU
		{D95F7847-AF73-4EE2-A95E-D7798C5B4749}.Debug|Any CPU.Build.0 = Debug|Any CPU
		{D95F7847-AF73-4EE2-A95E-D7798C5B4749}.Release|Any CPU.ActiveCfg = Release|Any CPU
		{D95F7847-AF73-4EE2-A95E-D7798C5B4749}.Release|Any CPU.Build.0 = Release|Any CPU
		{63B2F3DA-6AC4-40D2-88B7-666380A8C7E7}.Debug|Any CPU.ActiveCfg = Debug|Any CPU
		{63B2F3DA-6AC4-40D2-88B7-666380A8C7E7}.Debug|Any CPU.Build.0 = Debug|Any CPU
		{63B2F3DA-6AC4-40D2-88B7-666380A8C7E7}.Release|Any CPU.ActiveCfg = Release|Any CPU
		{63B2F3DA-6AC4-40D2-88B7-666380A8C7E7}.Release|Any CPU.Build.0 = Release|Any CPU
		{A26D43D6-DD25-4987-B5D4-1B042A2AC725}.Debug|Any CPU.ActiveCfg = Debug|Any CPU
		{A26D43D6-DD25-4987-B5D4-1B042A2AC725}.Debug|Any CPU.Build.0 = Debug|Any CPU
		{A26D43D6-DD25-4987-B5D4-1B042A2AC725}.Release|Any CPU.ActiveCfg = Release|Any CPU
		{A26D43D6-DD25-4987-B5D4-1B042A2AC725}.Release|Any CPU.Build.0 = Release|Any CPU
		{2A191BD9-DD6E-4A9C-8FFB-A34531E44525}.Debug|Any CPU.ActiveCfg = Debug|Any CPU
		{2A191BD9-DD6E-4A9C-8FFB-A34531E44525}.Debug|Any CPU.Build.0 = Debug|Any CPU
		{2A191BD9-DD6E-4A9C-8FFB-A34531E44525}.Release|Any CPU.ActiveCfg = Release|Any CPU
		{2A191BD9-DD6E-4A9C-8FFB-A34531E44525}.Release|Any CPU.Build.0 = Release|Any CPU
		{FA87E7E9-EFD6-49E2-AE2E-766FBC57548A}.Debug|Any CPU.ActiveCfg = Debug|Any CPU
		{FA87E7E9-EFD6-49E2-AE2E-766FBC57548A}.Debug|Any CPU.Build.0 = Debug|Any CPU
		{FA87E7E9-EFD6-49E2-AE2E-766FBC57548A}.Release|Any CPU.ActiveCfg = Release|Any CPU
		{FA87E7E9-EFD6-49E2-AE2E-766FBC57548A}.Release|Any CPU.Build.0 = Release|Any CPU
		{07DE6C67-6278-44D7-BA02-A59C476A7FFC}.Debug|Any CPU.ActiveCfg = Debug|Any CPU
		{07DE6C67-6278-44D7-BA02-A59C476A7FFC}.Debug|Any CPU.Build.0 = Debug|Any CPU
		{07DE6C67-6278-44D7-BA02-A59C476A7FFC}.Release|Any CPU.ActiveCfg = Release|Any CPU
		{07DE6C67-6278-44D7-BA02-A59C476A7FFC}.Release|Any CPU.Build.0 = Release|Any CPU
		{11A59AA3-1529-493E-9274-60F86079F5B8}.Debug|Any CPU.ActiveCfg = Debug|Any CPU
		{11A59AA3-1529-493E-9274-60F86079F5B8}.Debug|Any CPU.Build.0 = Debug|Any CPU
		{11A59AA3-1529-493E-9274-60F86079F5B8}.Release|Any CPU.ActiveCfg = Release|Any CPU
		{11A59AA3-1529-493E-9274-60F86079F5B8}.Release|Any CPU.Build.0 = Release|Any CPU
		{D47BDBE5-6278-4594-AFDA-F46AB459320F}.Debug|Any CPU.ActiveCfg = Debug|Any CPU
		{D47BDBE5-6278-4594-AFDA-F46AB459320F}.Debug|Any CPU.Build.0 = Debug|Any CPU
		{D47BDBE5-6278-4594-AFDA-F46AB459320F}.Release|Any CPU.ActiveCfg = Release|Any CPU
		{D47BDBE5-6278-4594-AFDA-F46AB459320F}.Release|Any CPU.Build.0 = Release|Any CPU
		{52BA4A4E-CE41-4D35-B2ED-B7C4A6441714}.Debug|Any CPU.ActiveCfg = Debug|Any CPU
		{52BA4A4E-CE41-4D35-B2ED-B7C4A6441714}.Debug|Any CPU.Build.0 = Debug|Any CPU
		{52BA4A4E-CE41-4D35-B2ED-B7C4A6441714}.Release|Any CPU.ActiveCfg = Release|Any CPU
		{52BA4A4E-CE41-4D35-B2ED-B7C4A6441714}.Release|Any CPU.Build.0 = Release|Any CPU
		{614D94B9-B160-4D68-8D5C-963EFC81FE30}.Debug|Any CPU.ActiveCfg = Debug|Any CPU
		{614D94B9-B160-4D68-8D5C-963EFC81FE30}.Debug|Any CPU.Build.0 = Debug|Any CPU
		{614D94B9-B160-4D68-8D5C-963EFC81FE30}.Release|Any CPU.ActiveCfg = Release|Any CPU
		{614D94B9-B160-4D68-8D5C-963EFC81FE30}.Release|Any CPU.Build.0 = Release|Any CPU
	EndGlobalSection
	GlobalSection(SolutionProperties) = preSolution
		HideSolutionNode = FALSE
	EndGlobalSection
	GlobalSection(NestedProjects) = preSolution
		{B63A5259-C359-4C38-A448-AC5217CAE559} = {B3DE9C10-B176-4DA0-B682-EC437A93D143}
		{37E3E779-E418-4E85-88FA-1CA1CBE1A13C} = {CCB9A6D4-A663-45E1-908E-8C13AC58602A}
		{41C47177-C7E5-4B87-B48E-189AAEE6D43D} = {B7ECE9D7-053C-4B9F-93AF-8EDBBAE3F7F7}
		{9BBA8F35-8634-48A0-B292-B2BC4E4D8B8D} = {B7ECE9D7-053C-4B9F-93AF-8EDBBAE3F7F7}
		{2780A1F9-AE9D-4514-A82D-8BAFFC3F3456} = {0BD7BD75-32B2-47ED-9915-531A302756E2}
		{1DF2C0CB-236C-4E0A-B916-E8F7D77DE47B} = {0BD7BD75-32B2-47ED-9915-531A302756E2}
		{CF6D6822-756A-491A-B83A-9CDF05F70C25} = {0BD7BD75-32B2-47ED-9915-531A302756E2}
		{A7BD22A1-3A85-4207-9116-FE0AEF78DAB9} = {8F94D11E-046B-4948-B395-8F4BD9C73792}
		{4D3CB20B-70DC-412C-A47F-510844ABCB27} = {8F94D11E-046B-4948-B395-8F4BD9C73792}
		{A1395441-6F3B-46CB-AAD8-205B39CF5F72} = {8F94D11E-046B-4948-B395-8F4BD9C73792}
		{B1116ABA-5410-4E3A-BCDF-F08EDEA3C713} = {B3DE9C10-B176-4DA0-B682-EC437A93D143}
		{889EDBF2-D25C-4559-9E41-2DBD632B62A9} = {B3DE9C10-B176-4DA0-B682-EC437A93D143}
		{82B2D811-6A7F-4B15-B1EF-CECE045B404B} = {B3DE9C10-B176-4DA0-B682-EC437A93D143}
		{F433E86C-8ACB-4DF0-8DBC-40B7DDAE0093} = {B3DE9C10-B176-4DA0-B682-EC437A93D143}
		{BA21791C-F336-4480-BE1F-B2AB6A67DB65} = {F67CE2CB-8592-4435-B807-504D8B62BD2A}
		{DD03785C-87AD-4AF2-8A4E-3745D5329B2E} = {F67CE2CB-8592-4435-B807-504D8B62BD2A}
		{F0118DA2-8477-4E8A-8709-E9D3CEF1545A} = {F67CE2CB-8592-4435-B807-504D8B62BD2A}
		{2C4C8312-AE7F-460C-999E-00FA53D40C76} = {F67CE2CB-8592-4435-B807-504D8B62BD2A}
		{D95F7847-AF73-4EE2-A95E-D7798C5B4749} = {578F34D7-74FC-490C-BDA9-D4880A0ABE37}
		{63B2F3DA-6AC4-40D2-88B7-666380A8C7E7} = {578F34D7-74FC-490C-BDA9-D4880A0ABE37}
		{A26D43D6-DD25-4987-B5D4-1B042A2AC725} = {578F34D7-74FC-490C-BDA9-D4880A0ABE37}
		{2A191BD9-DD6E-4A9C-8FFB-A34531E44525} = {D98CFBD6-110F-4CA9-B359-0C78EC48B673}
		{FA87E7E9-EFD6-49E2-AE2E-766FBC57548A} = {D98CFBD6-110F-4CA9-B359-0C78EC48B673}
		{07DE6C67-6278-44D7-BA02-A59C476A7FFC} = {D98CFBD6-110F-4CA9-B359-0C78EC48B673}
		{11A59AA3-1529-493E-9274-60F86079F5B8} = {701812EA-B53E-4E4C-972B-6AFDC487A4DC}
		{D47BDBE5-6278-4594-AFDA-F46AB459320F} = {B5D9E43C-897B-4358-8488-B50912AD8C15}
		{52BA4A4E-CE41-4D35-B2ED-B7C4A6441714} = {B3DE9C10-B176-4DA0-B682-EC437A93D143}
		{614D94B9-B160-4D68-8D5C-963EFC81FE30} = {8F94D11E-046B-4948-B395-8F4BD9C73792}
	EndGlobalSection
	GlobalSection(ExtensibilityGlobals) = postSolution
		SolutionGuid = {06EEC465-720A-4360-B335-E74577C37E69}
	EndGlobalSection
EndGlobal
